
Microsoft Visual Studio Solution File, Format Version 12.00
# Visual Studio Version 17
VisualStudioVersion = 17.14.36408.4
MinimumVisualStudioVersion = 10.0.40219.1
Project("{FAE04EC0-301F-11D3-BF4B-00C04F79EFBC}") = "SogdianMerchant", "SogdianMerchant\SogdianMerchant.csproj", "{F1D3C0BF-986A-4E73-BDC7-E08F657DF4D7}"
EndProject
Project("{FAE04EC0-301F-11D3-BF4B-00C04F79EFBC}") = "SogdianMerchant.Tests", "SogdianMerchant.Tests\SogdianMerchant.Tests.csproj", "{FA287657-3237-47B6-8644-D92254C65ADC}"
EndProject
Project("{FAE04EC0-301F-11D3-BF4B-00C04F79EFBC}") = "SogdianMerchant.Core", "SogdianMerchant.Core\SogdianMerchant.Core.csproj", "{AD1BA57C-F10B-4F39-884C-8F356020E12D}"
EndProject
Global
	GlobalSection(SolutionConfigurationPlatforms) = preSolution
		Debug|Any CPU = Debug|Any CPU
		Release|Any CPU = Release|Any CPU
	EndGlobalSection
	GlobalSection(ProjectConfigurationPlatforms) = postSolution
		{F1D3C0BF-986A-4E73-BDC7-E08F657DF4D7}.Debug|Any CPU.ActiveCfg = Debug|Any CPU
		{F1D3C0BF-986A-4E73-BDC7-E08F657DF4D7}.Debug|Any CPU.Build.0 = Debug|Any CPU
		{F1D3C0BF-986A-4E73-BDC7-E08F657DF4D7}.Release|Any CPU.ActiveCfg = Release|Any CPU
		{F1D3C0BF-986A-4E73-BDC7-E08F657DF4D7}.Release|Any CPU.Build.0 = Release|Any CPU
		{FA287657-3237-47B6-8644-D92254C65ADC}.Debug|Any CPU.ActiveCfg = Debug|Any CPU
		{FA287657-3237-47B6-8644-D92254C65ADC}.Debug|Any CPU.Build.0 = Debug|Any CPU
		{FA287657-3237-47B6-8644-D92254C65ADC}.Release|Any CPU.ActiveCfg = Release|Any CPU
		{FA287657-3237-47B6-8644-D92254C65ADC}.Release|Any CPU.Build.0 = Release|Any CPU
		{AD1BA57C-F10B-4F39-884C-8F356020E12D}.Debug|Any CPU.ActiveCfg = Debug|Any CPU
		{AD1BA57C-F10B-4F39-884C-8F356020E12D}.Debug|Any CPU.Build.0 = Debug|Any CPU
		{AD1BA57C-F10B-4F39-884C-8F356020E12D}.Release|Any CPU.ActiveCfg = Release|Any CPU
		{AD1BA57C-F10B-4F39-884C-8F356020E12D}.Release|Any CPU.Build.0 = Release|Any CPU
	EndGlobalSection
	GlobalSection(SolutionProperties) = preSolution
		HideSolutionNode = FALSE
	EndGlobalSection
	GlobalSection(ExtensibilityGlobals) = postSolution
		SolutionGuid = {842DA39E-554E-4765-8171-C52926A2D440}
	EndGlobalSection
EndGlobal
